// !$*UTF8*$!
{
	archiveVersion = 1;
	classes = {
	};
	objectVersion = 50;
	objects = {

/* Begin PBXBuildFile section */
		CBD8C55B274013DF00843C03 /* Crop.png in Resources */ = {isa = PBXBuildFile; fileRef = CBD8C558274013DF00843C03 /* Crop.png */; };
		CBD8C55C274013DF00843C03 /* Rotation.png in Resources */ = {isa = PBXBuildFile; fileRef = CBD8C559274013DF00843C03 /* Rotation.png */; };
		CBEB31A7273A82C70031A02D /* AppDelegate.swift in Sources */ = {isa = PBXBuildFile; fileRef = CBEB31A6273A82C70031A02D /* AppDelegate.swift */; };
		CBEB31A9273A82C70031A02D /* SceneDelegate.swift in Sources */ = {isa = PBXBuildFile; fileRef = CBEB31A8273A82C70031A02D /* SceneDelegate.swift */; };
		CBEB31AB273A82C70031A02D /* ViewController.swift in Sources */ = {isa = PBXBuildFile; fileRef = CBEB31AA273A82C70031A02D /* ViewController.swift */; };
		CBEB31AE273A82C70031A02D /* Main.storyboard in Resources */ = {isa = PBXBuildFile; fileRef = CBEB31AC273A82C70031A02D /* Main.storyboard */; };
		CBEB31B3273A82CA0031A02D /* Assets.xcassets in Resources */ = {isa = PBXBuildFile; fileRef = CBEB31B2273A82CA0031A02D /* Assets.xcassets */; };
		CBEB31B6273A82CA0031A02D /* LaunchScreen.storyboard in Resources */ = {isa = PBXBuildFile; fileRef = CBEB31B4273A82CA0031A02D /* LaunchScreen.storyboard */; };
/* End PBXBuildFile section */

/* Begin PBXFileReference section */
		CBD8C558274013DF00843C03 /* Crop.png */ = {isa = PBXFileReference; lastKnownFileType = image.png; path = Crop.png; sourceTree = "<group>"; };
		CBD8C559274013DF00843C03 /* Rotation.png */ = {isa = PBXFileReference; lastKnownFileType = image.png; path = Rotation.png; sourceTree = "<group>"; };
		CBEB31A3273A82C70031A02D /* SampleImageEditor.app */ = {isa = PBXFileReference; explicitFileType = wrapper.application; includeInIndex = 0; path = SampleImageEditor.app; sourceTree = BUILT_PRODUCTS_DIR; };
		CBEB31A6273A82C70031A02D /* AppDelegate.swift */ = {isa = PBXFileReference; lastKnownFileType = sourcecode.swift; path = AppDelegate.swift; sourceTree = "<group>"; };
		CBEB31A8273A82C70031A02D /* SceneDelegate.swift */ = {isa = PBXFileReference; lastKnownFileType = sourcecode.swift; path = SceneDelegate.swift; sourceTree = "<group>"; };
		CBEB31AA273A82C70031A02D /* ViewController.swift */ = {isa = PBXFileReference; lastKnownFileType = sourcecode.swift; path = ViewController.swift; sourceTree = "<group>"; };
		CBEB31AD273A82C70031A02D /* Base */ = {isa = PBXFileReference; lastKnownFileType = file.storyboard; name = Base; path = Base.lproj/Main.storyboard; sourceTree = "<group>"; };
		CBEB31B2273A82CA0031A02D /* Assets.xcassets */ = {isa = PBXFileReference; lastKnownFileType = folder.assetcatalog; path = Assets.xcassets; sourceTree = "<group>"; };
		CBEB31B5273A82CA0031A02D /* Base */ = {isa = PBXFileReference; lastKnownFileType = file.storyboard; name = Base; path = Base.lproj/LaunchScreen.storyboard; sourceTree = "<group>"; };
		CBEB31B7273A82CA0031A02D /* Info.plist */ = {isa = PBXFileReference; lastKnownFileType = text.plist.xml; path = Info.plist; sourceTree = "<group>"; };
/* End PBXFileReference section */

/* Begin PBXFrameworksBuildPhase section */
		CBEB31A0273A82C70031A02D /* Frameworks */ = {
			isa = PBXFrameworksBuildPhase;
			buildActionMask = 2147483647;
			files = (
			);
			runOnlyForDeploymentPostprocessing = 0;
		};
/* End PBXFrameworksBuildPhase section */

/* Begin PBXGroup section */
		CBD8C54527400DF200843C03 /* Resource */ = {
			isa = PBXGroup;
			children = (
				CBEB31C3273A9E1F0031A02D /* Images */,
				CBEB31B7273A82CA0031A02D /* Info.plist */,
				CBEB31B2273A82CA0031A02D /* Assets.xcassets */,
			);
			path = Resource;
			sourceTree = "<group>";
		};
		CBEB319A273A82C70031A02D = {
			isa = PBXGroup;
			children = (
				CBEB31A5273A82C70031A02D /* SampleImageEditor */,
				CBEB31A4273A82C70031A02D /* Products */,
			);
			sourceTree = "<group>";
		};
		CBEB31A4273A82C70031A02D /* Products */ = {
			isa = PBXGroup;
			children = (
				CBEB31A3273A82C70031A02D /* SampleImageEditor.app */,
			);
			name = Products;
			sourceTree = "<group>";
		};
		CBEB31A5273A82C70031A02D /* SampleImageEditor */ = {
			isa = PBXGroup;
			children = (
				CBEB31A6273A82C70031A02D /* AppDelegate.swift */,
				CBEB31A8273A82C70031A02D /* SceneDelegate.swift */,
				CBEB31AA273A82C70031A02D /* ViewController.swift */,
				CBEB31AC273A82C70031A02D /* Main.storyboard */,
				CBEB31B4273A82CA0031A02D /* LaunchScreen.storyboard */,
				CBD8C54527400DF200843C03 /* Resource */,
			);
			path = SampleImageEditor;
			sourceTree = "<group>";
		};
		CBEB31C3273A9E1F0031A02D /* Images */ = {
			isa = PBXGroup;
			children = (
				CBD8C558274013DF00843C03 /* Crop.png */,
				CBD8C559274013DF00843C03 /* Rotation.png */,
			);
			path = Images;
			sourceTree = "<group>";
		};
/* End PBXGroup section */

/* Begin PBXNativeTarget section */
		CBEB31A2273A82C70031A02D /* SampleImageEditor */ = {
			isa = PBXNativeTarget;
			buildConfigurationList = CBEB31BA273A82CA0031A02D /* Build configuration list for PBXNativeTarget "SampleImageEditor" */;
			buildPhases = (
				CBEB319F273A82C70031A02D /* Sources */,
				CBEB31A0273A82C70031A02D /* Frameworks */,
				CBEB31A1273A82C70031A02D /* Resources */,
			);
			buildRules = (
			);
			dependencies = (
			);
			name = SampleImageEditor;
			productName = SampleImageEditor;
			productReference = CBEB31A3273A82C70031A02D /* SampleImageEditor.app */;
			productType = "com.apple.product-type.application";
		};
/* End PBXNativeTarget section */

/* Begin PBXProject section */
		CBEB319B273A82C70031A02D /* Project object */ = {
			isa = PBXProject;
			attributes = {
				LastUpgradeCheck = 1230;
				TargetAttributes = {
					CBEB31A2273A82C70031A02D = {
						CreatedOnToolsVersion = 12.3;
					};
				};
			};
			buildConfigurationList = CBEB319E273A82C70031A02D /* Build configuration list for PBXProject "SampleImageEditor" */;
			compatibilityVersion = "Xcode 9.3";
			developmentRegion = en;
			hasScannedForEncodings = 0;
			knownRegions = (
				en,
				Base,
			);
			mainGroup = CBEB319A273A82C70031A02D;
			productRefGroup = CBEB31A4273A82C70031A02D /* Products */;
			projectDirPath = "";
			projectRoot = "";
			targets = (
				CBEB31A2273A82C70031A02D /* SampleImageEditor */,
			);
		};
/* End PBXProject section */

/* Begin PBXResourcesBuildPhase section */
		CBEB31A1273A82C70031A02D /* Resources */ = {
			isa = PBXResourcesBuildPhase;
			buildActionMask = 2147483647;
			files = (
				CBEB31B6273A82CA0031A02D /* LaunchScreen.storyboard in Resources */,
				CBEB31B3273A82CA0031A02D /* Assets.xcassets in Resources */,
				CBD8C55C274013DF00843C03 /* Rotation.png in Resources */,
				CBEB31AE273A82C70031A02D /* Main.storyboard in Resources */,
				CBD8C55B274013DF00843C03 /* Crop.png in Resources */,
			);
			runOnlyForDeploymentPostprocessing = 0;
		};
/* End PBXResourcesBuildPhase section */

/* Begin PBXSourcesBuildPhase section */
		CBEB319F273A82C70031A02D /* Sources */ = {
			isa = PBXSourcesBuildPhase;
			buildActionMask = 2147483647;
			files = (
				CBEB31AB273A82C70031A02D /* ViewController.swift in Sources */,
				CBEB31A7273A82C70031A02D /* AppDelegate.swift in Sources */,
				CBEB31A9273A82C70031A02D /* SceneDelegate.swift in Sources */,
			);
			runOnlyForDeploymentPostprocessing = 0;
		};
/* End PBXSourcesBuildPhase section */

/* Begin PBXVariantGroup section */
		CBEB31AC273A82C70031A02D /* Main.storyboard */ = {
			isa = PBXVariantGroup;
			children = (
				CBEB31AD273A82C70031A02D /* Base */,
			);
			name = Main.storyboard;
			sourceTree = "<group>";
		};
		CBEB31B4273A82CA0031A02D /* LaunchScreen.storyboard */ = {
			isa = PBXVariantGroup;
			children = (
				CBEB31B5273A82CA0031A02D /* Base */,
			);
			name = LaunchScreen.storyboard;
			sourceTree = "<group>";
		};
/* End PBXVariantGroup section */

/* Begin XCBuildConfiguration section */
		CBEB31B8273A82CA0031A02D /* Debug */ = {
			isa = XCBuildConfiguration;
			buildSettings = {
				ALWAYS_SEARCH_USER_PATHS = NO;
				CLANG_ANALYZER_NONNULL = YES;
				CLANG_ANALYZER_NUMBER_OBJECT_CONVERSION = YES_AGGRESSIVE;
				CLANG_CXX_LANGUAGE_STANDARD = "gnu++17";
				CLANG_CXX_LIBRARY = "libc++";
				CLANG_ENABLE_MODULES = YES;
				CLANG_ENABLE_OBJC_ARC = YES;
				CLANG_ENABLE_OBJC_WEAK = YES;
				CLANG_WARN_BLOCK_CAPTURE_AUTORELEASING = YES;
				CLANG_WARN_BOOL_CONVERSION = YES;
				CLANG_WARN_COMMA = YES;
				CLANG_WARN_CONSTANT_CONVERSION = YES;
				CLANG_WARN_DEPRECATED_OBJC_IMPLEMENTATIONS = YES;
				CLANG_WARN_DIRECT_OBJC_ISA_USAGE = YES_ERROR;
				CLANG_WARN_DOCUMENTATION_COMMENTS = YES;
				CLANG_WARN_EMPTY_BODY = YES;
				CLANG_WARN_ENUM_CONVERSION = YES;
				CLANG_WARN_INFINITE_RECURSION = YES;
				CLANG_WARN_INT_CONVERSION = YES;
				CLANG_WARN_NON_LITERAL_NULL_CONVERSION = YES;
				CLANG_WARN_OBJC_IMPLICIT_RETAIN_SELF = YES;
				CLANG_WARN_OBJC_LITERAL_CONVERSION = YES;
				CLANG_WARN_OBJC_ROOT_CLASS = YES_ERROR;
				CLANG_WARN_QUOTED_INCLUDE_IN_FRAMEWORK_HEADER = YES;
				CLANG_WARN_RANGE_LOOP_ANALYSIS = YES;
				CLANG_WARN_STRICT_PROTOTYPES = YES;
				CLANG_WARN_SUSPICIOUS_MOVE = YES;
				CLANG_WARN_UNGUARDED_AVAILABILITY = YES_AGGRESSIVE;
				CLANG_WARN_UNREACHABLE_CODE = YES;
				CLANG_WARN__DUPLICATE_METHOD_MATCH = YES;
				COPY_PHASE_STRIP = NO;
				DEBUG_INFORMATION_FORMAT = dwarf;
				ENABLE_STRICT_OBJC_MSGSEND = YES;
				ENABLE_TESTABILITY = YES;
				GCC_C_LANGUAGE_STANDARD = gnu11;
				GCC_DYNAMIC_NO_PIC = NO;
				GCC_NO_COMMON_BLOCKS = YES;
				GCC_OPTIMIZATION_LEVEL = 0;
				GCC_PREPROCESSOR_DEFINITIONS = (
					"DEBUG=1",
					"$(inherited)",
				);
				GCC_WARN_64_TO_32_BIT_CONVERSION = YES;
				GCC_WARN_ABOUT_RETURN_TYPE = YES_ERROR;
				GCC_WARN_UNDECLARED_SELECTOR = YES;
				GCC_WARN_UNINITIALIZED_AUTOS = YES_AGGRESSIVE;
				GCC_WARN_UNUSED_FUNCTION = YES;
				GCC_WARN_UNUSED_VARIABLE = YES;
				IPHONEOS_DEPLOYMENT_TARGET = 11.0;
				MTL_ENABLE_DEBUG_INFO = INCLUDE_SOURCE;
				MTL_FAST_MATH = YES;
				ONLY_ACTIVE_ARCH = YES;
				SDKROOT = iphoneos;
				SWIFT_ACTIVE_COMPILATION_CONDITIONS = DEBUG;
				SWIFT_OPTIMIZATION_LEVEL = "-Onone";
			};
			name = Debug;
		};
		CBEB31B9273A82CA0031A02D /* Release */ = {
			isa = XCBuildConfiguration;
			buildSettings = {
				ALWAYS_SEARCH_USER_PATHS = NO;
				CLANG_ANALYZER_NONNULL = YES;
				CLANG_ANALYZER_NUMBER_OBJECT_CONVERSION = YES_AGGRESSIVE;
				CLANG_CXX_LANGUAGE_STANDARD = "gnu++17";
				CLANG_CXX_LIBRARY = "libc++";
				CLANG_ENABLE_MODULES = YES;
				CLANG_ENABLE_OBJC_ARC = YES;
				CLANG_ENABLE_OBJC_WEAK = YES;
				CLANG_WARN_BLOCK_CAPTURE_AUTORELEASING = YES;
				CLANG_WARN_BOOL_CONVERSION = YES;
				CLANG_WARN_COMMA = YES;
				CLANG_WARN_CONSTANT_CONVERSION = YES;
				CLANG_WARN_DEPRECATED_OBJC_IMPLEMENTATIONS = YES;
				CLANG_WARN_DIRECT_OBJC_ISA_USAGE = YES_ERROR;
				CLANG_WARN_DOCUMENTATION_COMMENTS = YES;
				CLANG_WARN_EMPTY_BODY = YES;
				CLANG_WARN_ENUM_CONVERSION = YES;
				CLANG_WARN_INFINITE_RECURSION = YES;
				CLANG_WARN_INT_CONVERSION = YES;
				CLANG_WARN_NON_LITERAL_NULL_CONVERSION = YES;
				CLANG_WARN_OBJC_IMPLICIT_RETAIN_SELF = YES;
				CLANG_WARN_OBJC_LITERAL_CONVERSION = YES;
				CLANG_WARN_OBJC_ROOT_CLASS = YES_ERROR;
				CLANG_WARN_QUOTED_INCLUDE_IN_FRAMEWORK_HEADER = YES;
				CLANG_WARN_RANGE_LOOP_ANALYSIS = YES;
				CLANG_WARN_STRICT_PROTOTYPES = YES;
				CLANG_WARN_SUSPICIOUS_MOVE = YES;
				CLANG_WARN_UNGUARDED_AVAILABILITY = YES_AGGRESSIVE;
				CLANG_WARN_UNREACHABLE_CODE = YES;
				CLANG_WARN__DUPLICATE_METHOD_MATCH = YES;
				COPY_PHASE_STRIP = NO;
				DEBUG_INFORMATION_FORMAT = "dwarf-with-dsym";
				ENABLE_NS_ASSERTIONS = NO;
				ENABLE_STRICT_OBJC_MSGSEND = YES;
				GCC_C_LANGUAGE_STANDARD = gnu11;
				GCC_NO_COMMON_BLOCKS = YES;
				GCC_WARN_64_TO_32_BIT_CONVERSION = YES;
				GCC_WARN_ABOUT_RETURN_TYPE = YES_ERROR;
				GCC_WARN_UNDECLARED_SELECTOR = YES;
				GCC_WARN_UNINITIALIZED_AUTOS = YES_AGGRESSIVE;
				GCC_WARN_UNUSED_FUNCTION = YES;
				GCC_WARN_UNUSED_VARIABLE = YES;
				IPHONEOS_DEPLOYMENT_TARGET = 11.0;
				MTL_ENABLE_DEBUG_INFO = NO;
				MTL_FAST_MATH = YES;
				SDKROOT = iphoneos;
				SWIFT_COMPILATION_MODE = wholemodule;
				SWIFT_OPTIMIZATION_LEVEL = "-O";
				VALIDATE_PRODUCT = YES;
			};
			name = Release;
		};
		CBEB31BB273A82CA0031A02D /* Debug */ = {
			isa = XCBuildConfiguration;
			buildSettings = {
				ASSETCATALOG_COMPILER_APPICON_NAME = AppIcon;
				ASSETCATALOG_COMPILER_GLOBAL_ACCENT_COLOR_NAME = AccentColor;
				CODE_SIGN_STYLE = Automatic;
				CURRENT_PROJECT_VERSION = 1;
				GENERATE_INFOPLIST_FILE = NO;
				INFOPLIST_FILE = SampleImageEditor/Resource/Info.plist;
				INFOPLIST_KEY_UIApplicationSupportsIndirectInputEvents = YES;
				INFOPLIST_KEY_UILaunchStoryboardName = Main;
				INFOPLIST_KEY_UIMainStoryboardFile = Main;
				INFOPLIST_KEY_UISupportedInterfaceOrientations = "";
				INFOPLIST_KEY_UISupportedInterfaceOrientations_iPad = "UIInterfaceOrientationPortrait UIInterfaceOrientationPortraitUpsideDown UIInterfaceOrientationLandscapeLeft UIInterfaceOrientationLandscapeRight";
				INFOPLIST_KEY_UISupportedInterfaceOrientations_iPhone = "UIInterfaceOrientationPortrait UIInterfaceOrientationLandscapeLeft UIInterfaceOrientationLandscapeRight";
				INFOPLIST_KEY_UIUserInterfaceStyle = Light;
				IPHONEOS_DEPLOYMENT_TARGET = 13.0;
				LD_RUNPATH_SEARCH_PATHS = (
					"$(inherited)",
					"@executable_path/Frameworks",
				);
				MARKETING_VERSION = 1.0;
				PRODUCT_BUNDLE_IDENTIFIER = co.ycsong.image.SampleImageEditor;
				PRODUCT_NAME = "$(TARGET_NAME)";
				SWIFT_EMIT_LOC_STRINGS = YES;
				SWIFT_VERSION = 4.2;
				TARGETED_DEVICE_FAMILY = 1;
			};
			name = Debug;
		};
		CBEB31BC273A82CA0031A02D /* Release */ = {
			isa = XCBuildConfiguration;
			buildSettings = {
				ASSETCATALOG_COMPILER_APPICON_NAME = AppIcon;
				ASSETCATALOG_COMPILER_GLOBAL_ACCENT_COLOR_NAME = AccentColor;
				CODE_SIGN_STYLE = Automatic;
				CURRENT_PROJECT_VERSION = 1;
				GENERATE_INFOPLIST_FILE = NO;
				INFOPLIST_FILE = SampleImageEditor/Resource/Info.plist;
				INFOPLIST_KEY_UIApplicationSupportsIndirectInputEvents = YES;
				INFOPLIST_KEY_UILaunchStoryboardName = Main;
				INFOPLIST_KEY_UIMainStoryboardFile = Main;
				INFOPLIST_KEY_UISupportedInterfaceOrientations = "";
				INFOPLIST_KEY_UISupportedInterfaceOrientations_iPad = "UIInterfaceOrientationPortrait UIInterfaceOrientationPortraitUpsideDown UIInterfaceOrientationLandscapeLeft UIInterfaceOrientationLandscapeRight";
				INFOPLIST_KEY_UISupportedInterfaceOrientations_iPhone = "UIInterfaceOrientationPortrait UIInterfaceOrientationLandscapeLeft UIInterfaceOrientationLandscapeRight";
				INFOPLIST_KEY_UIUserInterfaceStyle = Light;
				IPHONEOS_DEPLOYMENT_TARGET = 13.0;
				LD_RUNPATH_SEARCH_PATHS = (
					"$(inherited)",
					"@executable_path/Frameworks",
				);
				MARKETING_VERSION = 1.0;
				PRODUCT_BUNDLE_IDENTIFIER = co.ycsong.image.SampleImageEditor;
				PRODUCT_NAME = "$(TARGET_NAME)";
				SWIFT_EMIT_LOC_STRINGS = YES;
				SWIFT_VERSION = 4.2;
				TARGETED_DEVICE_FAMILY = 1;
			};
			name = Release;
		};
/* End XCBuildConfiguration section */

/* Begin XCConfigurationList section */
		CBEB319E273A82C70031A02D /* Build configuration list for PBXProject "SampleImageEditor" */ = {
			isa = XCConfigurationList;
			buildConfigurations = (
				CBEB31B8273A82CA0031A02D /* Debug */,
				CBEB31B9273A82CA0031A02D /* Release */,
			);
			defaultConfigurationIsVisible = 0;
			defaultConfigurationName = Release;
		};
		CBEB31BA273A82CA0031A02D /* Build configuration list for PBXNativeTarget "SampleImageEditor" */ = {
			isa = XCConfigurationList;
			buildConfigurations = (
				CBEB31BB273A82CA0031A02D /* Debug */,
				CBEB31BC273A82CA0031A02D /* Release */,
			);
			defaultConfigurationIsVisible = 0;
			defaultConfigurationName = Release;
		};
/* End XCConfigurationList section */
	};
	rootObject = CBEB319B273A82C70031A02D /* Project object */;
}
